// !$*UTF8*$!
{
	archiveVersion = 1;
	classes = {
	};
	objectVersion = 55;
	objects = {

/* Begin PBXBuildFile section */
		4052FFC34733554657B43130 /* Pods_Weather.framework in Frameworks */ = {isa = PBXBuildFile; fileRef = 638B0805490A93EA05787E26 /* Pods_Weather.framework */; };
		BC62BC0927DD820D005F493D /* WeatherApp.swift in Sources */ = {isa = PBXBuildFile; fileRef = BC62BC0827DD820D005F493D /* WeatherApp.swift */; };
		BC62BC0B27DD820D005F493D /* ContentView.swift in Sources */ = {isa = PBXBuildFile; fileRef = BC62BC0A27DD820D005F493D /* ContentView.swift */; };
		BC62BC0D27DD8212005F493D /* Assets.xcassets in Resources */ = {isa = PBXBuildFile; fileRef = BC62BC0C27DD8212005F493D /* Assets.xcassets */; };
		BC62BC1027DD8212005F493D /* Preview Assets.xcassets in Resources */ = {isa = PBXBuildFile; fileRef = BC62BC0F27DD8212005F493D /* Preview Assets.xcassets */; };
		BC62BC1827DD82D2005F493D /* Weather.swift in Sources */ = {isa = PBXBuildFile; fileRef = BC62BC1727DD82D2005F493D /* Weather.swift */; };
		BC62BC1A27DD82EB005F493D /* WeatherResponse.swift in Sources */ = {isa = PBXBuildFile; fileRef = BC62BC1927DD82EB005F493D /* WeatherResponse.swift */; };
		BC62BC1C27DD839D005F493D /* API.swift in Sources */ = {isa = PBXBuildFile; fileRef = BC62BC1B27DD839D005F493D /* API.swift */; };
		BC62BC1F27DD84FF005F493D /* WeatherViewModel.swift in Sources */ = {isa = PBXBuildFile; fileRef = BC62BC1E27DD84FF005F493D /* WeatherViewModel.swift */; };
		BC62BC2127DD85B7005F493D /* Time.swift in Sources */ = {isa = PBXBuildFile; fileRef = BC62BC2027DD85B7005F493D /* Time.swift */; };
		BC62BC2427DD8684005F493D /* Constants.swift in Sources */ = {isa = PBXBuildFile; fileRef = BC62BC2327DD8684005F493D /* Constants.swift */; };
		BC62BC2727DD873F005F493D /* Animation.swift in Sources */ = {isa = PBXBuildFile; fileRef = BC62BC2627DD873F005F493D /* Animation.swift */; };
/* End PBXBuildFile section */

/* Begin PBXFileReference section */
		638B0805490A93EA05787E26 /* Pods_Weather.framework */ = {isa = PBXFileReference; explicitFileType = wrapper.framework; includeInIndex = 0; path = Pods_Weather.framework; sourceTree = BUILT_PRODUCTS_DIR; };
		BC62BC0527DD820D005F493D /* Weather.app */ = {isa = PBXFileReference; explicitFileType = wrapper.application; includeInIndex = 0; path = Weather.app; sourceTree = BUILT_PRODUCTS_DIR; };
		BC62BC0827DD820D005F493D /* WeatherApp.swift */ = {isa = PBXFileReference; lastKnownFileType = sourcecode.swift; path = WeatherApp.swift; sourceTree = "<group>"; };
		BC62BC0A27DD820D005F493D /* ContentView.swift */ = {isa = PBXFileReference; lastKnownFileType = sourcecode.swift; path = ContentView.swift; sourceTree = "<group>"; };
		BC62BC0C27DD8212005F493D /* Assets.xcassets */ = {isa = PBXFileReference; lastKnownFileType = folder.assetcatalog; path = Assets.xcassets; sourceTree = "<group>"; };
		BC62BC0F27DD8212005F493D /* Preview Assets.xcassets */ = {isa = PBXFileReference; lastKnownFileType = folder.assetcatalog; path = "Preview Assets.xcassets"; sourceTree = "<group>"; };
		BC62BC1727DD82D2005F493D /* Weather.swift */ = {isa = PBXFileReference; lastKnownFileType = sourcecode.swift; path = Weather.swift; sourceTree = "<group>"; };
		BC62BC1927DD82EB005F493D /* WeatherResponse.swift */ = {isa = PBXFileReference; lastKnownFileType = sourcecode.swift; path = WeatherResponse.swift; sourceTree = "<group>"; };
		BC62BC1B27DD839D005F493D /* API.swift */ = {isa = PBXFileReference; lastKnownFileType = sourcecode.swift; path = API.swift; sourceTree = "<group>"; };
		BC62BC1E27DD84FF005F493D /* WeatherViewModel.swift */ = {isa = PBXFileReference; lastKnownFileType = sourcecode.swift; path = WeatherViewModel.swift; sourceTree = "<group>"; };
		BC62BC2027DD85B7005F493D /* Time.swift */ = {isa = PBXFileReference; lastKnownFileType = sourcecode.swift; path = Time.swift; sourceTree = "<group>"; };
		BC62BC2327DD8684005F493D /* Constants.swift */ = {isa = PBXFileReference; lastKnownFileType = sourcecode.swift; path = Constants.swift; sourceTree = "<group>"; };
		BC62BC2627DD873F005F493D /* Animation.swift */ = {isa = PBXFileReference; lastKnownFileType = sourcecode.swift; path = Animation.swift; sourceTree = "<group>"; };
		BC62BC4E27DD87BA005F493D /* dayClearSky.json */ = {isa = PBXFileReference; lastKnownFileType = text.json; path = dayClearSky.json; sourceTree = "<group>"; };
		BC62BC4F27DD87BA005F493D /* dayRain.json */ = {isa = PBXFileReference; lastKnownFileType = text.json; path = dayRain.json; sourceTree = "<group>"; };
		BC62BC5027DD87BA005F493D /* dayBrokenClouds.json */ = {isa = PBXFileReference; lastKnownFileType = text.json; path = dayBrokenClouds.json; sourceTree = "<group>"; };
		BC62BC5127DD87BA005F493D /* dayFewClouds.json */ = {isa = PBXFileReference; lastKnownFileType = text.json; path = dayFewClouds.json; sourceTree = "<group>"; };
		BC62BC5227DD87BA005F493D /* dayShowerRains.json */ = {isa = PBXFileReference; lastKnownFileType = text.json; path = dayShowerRains.json; sourceTree = "<group>"; };
		BC62BC5327DD87BA005F493D /* dayScatteredClouds.json */ = {isa = PBXFileReference; lastKnownFileType = text.json; path = dayScatteredClouds.json; sourceTree = "<group>"; };
		BC62BC5427DD87BA005F493D /* dayThunderstorm.json */ = {isa = PBXFileReference; lastKnownFileType = text.json; path = dayThunderstorm.json; sourceTree = "<group>"; };
		BC62BC5527DD87BA005F493D /* dayMist.json */ = {isa = PBXFileReference; lastKnownFileType = text.json; path = dayMist.json; sourceTree = "<group>"; };
		BC62BC5627DD87BB005F493D /* daySnow.json */ = {isa = PBXFileReference; lastKnownFileType = text.json; path = daySnow.json; sourceTree = "<group>"; };
		BC62BC5827DD87D1005F493D /* nightBrokenClouds.json */ = {isa = PBXFileReference; lastKnownFileType = text.json; path = nightBrokenClouds.json; sourceTree = "<group>"; };
		BC62BC5927DD87D1005F493D /* nightClearSky.json */ = {isa = PBXFileReference; lastKnownFileType = text.json; path = nightClearSky.json; sourceTree = "<group>"; };
		BC62BC5A27DD87D2005F493D /* nightMist.json */ = {isa = PBXFileReference; lastKnownFileType = text.json; path = nightMist.json; sourceTree = "<group>"; };
		BC62BC5B27DD87D2005F493D /* nightScatteredClouds.json */ = {isa = PBXFileReference; lastKnownFileType = text.json; path = nightScatteredClouds.json; sourceTree = "<group>"; };
		BC62BC5C27DD87D2005F493D /* nightSnow.json */ = {isa = PBXFileReference; lastKnownFileType = text.json; path = nightSnow.json; sourceTree = "<group>"; };
		BC62BC5D27DD87D2005F493D /* nightThunderstorm.json */ = {isa = PBXFileReference; lastKnownFileType = text.json; path = nightThunderstorm.json; sourceTree = "<group>"; };
		BC62BC5E27DD87D2005F493D /* nightRain.json */ = {isa = PBXFileReference; lastKnownFileType = text.json; path = nightRain.json; sourceTree = "<group>"; };
		BC62BC5F27DD87D2005F493D /* nightShowerRains.json */ = {isa = PBXFileReference; lastKnownFileType = text.json; path = nightShowerRains.json; sourceTree = "<group>"; };
		BC62BC6027DD87D2005F493D /* nightFewClouds.json */ = {isa = PBXFileReference; lastKnownFileType = text.json; path = nightFewClouds.json; sourceTree = "<group>"; };
		D801C41D3E0F932BD6CA04C9 /* Pods-Weather.release.xcconfig */ = {isa = PBXFileReference; includeInIndex = 1; lastKnownFileType = text.xcconfig; name = "Pods-Weather.release.xcconfig"; path = "Target Support Files/Pods-Weather/Pods-Weather.release.xcconfig"; sourceTree = "<group>"; };
		EFCCD319DD8B51B4777F54D6 /* Pods-Weather.debug.xcconfig */ = {isa = PBXFileReference; includeInIndex = 1; lastKnownFileType = text.xcconfig; name = "Pods-Weather.debug.xcconfig"; path = "Target Support Files/Pods-Weather/Pods-Weather.debug.xcconfig"; sourceTree = "<group>"; };
/* End PBXFileReference section */

/* Begin PBXFrameworksBuildPhase section */
		BC62BC0227DD820D005F493D /* Frameworks */ = {
			isa = PBXFrameworksBuildPhase;
			buildActionMask = 2147483647;
			files = (
				4052FFC34733554657B43130 /* Pods_Weather.framework in Frameworks */,
			);
			runOnlyForDeploymentPostprocessing = 0;
		};
/* End PBXFrameworksBuildPhase section */

/* Begin PBXGroup section */
		0869C8E8A466FB850CA56F42 /* Pods */ = {
			isa = PBXGroup;
			children = (
				EFCCD319DD8B51B4777F54D6 /* Pods-Weather.debug.xcconfig */,
				D801C41D3E0F932BD6CA04C9 /* Pods-Weather.release.xcconfig */,
			);
			name = Pods;
			path = Pods;
			sourceTree = "<group>";
		};
		B9B962E88746BF0D28F47594 /* Frameworks */ = {
			isa = PBXGroup;
			children = (
				638B0805490A93EA05787E26 /* Pods_Weather.framework */,
			);
			name = Frameworks;
			sourceTree = "<group>";
		};
		BC62BBFC27DD820C005F493D = {
			isa = PBXGroup;
			children = (
				BC62BC0727DD820D005F493D /* Weather */,
				BC62BC0627DD820D005F493D /* Products */,
				0869C8E8A466FB850CA56F42 /* Pods */,
				B9B962E88746BF0D28F47594 /* Frameworks */,
			);
			sourceTree = "<group>";
		};
		BC62BC0627DD820D005F493D /* Products */ = {
			isa = PBXGroup;
			children = (
				BC62BC0527DD820D005F493D /* Weather.app */,
			);
			name = Products;
			sourceTree = "<group>";
		};
		BC62BC0727DD820D005F493D /* Weather */ = {
			isa = PBXGroup;
			children = (
				BC62BC2527DD8726005F493D /* Views */,
				BC62BC2227DD8667005F493D /* SupportFiles */,
				BC62BC1D27DD84E0005F493D /* ViewModel */,
				BC62BC1627DD82BA005F493D /* Models */,
				BC62BC0827DD820D005F493D /* WeatherApp.swift */,
				BC62BC0A27DD820D005F493D /* ContentView.swift */,
				BC62BC0E27DD8212005F493D /* Preview Content */,
			);
			path = Weather;
			sourceTree = "<group>";
		};
		BC62BC0E27DD8212005F493D /* Preview Content */ = {
			isa = PBXGroup;
			children = (
				BC62BC0F27DD8212005F493D /* Preview Assets.xcassets */,
			);
			path = "Preview Content";
			sourceTree = "<group>";
		};
		BC62BC1627DD82BA005F493D /* Models */ = {
			isa = PBXGroup;
			children = (
				BC62BC1727DD82D2005F493D /* Weather.swift */,
				BC62BC1927DD82EB005F493D /* WeatherResponse.swift */,
				BC62BC1B27DD839D005F493D /* API.swift */,
				BC62BC2027DD85B7005F493D /* Time.swift */,
			);
			path = Models;
			sourceTree = "<group>";
		};
		BC62BC1D27DD84E0005F493D /* ViewModel */ = {
			isa = PBXGroup;
			children = (
				BC62BC1E27DD84FF005F493D /* WeatherViewModel.swift */,
			);
			path = ViewModel;
			sourceTree = "<group>";
		};
		BC62BC2227DD8667005F493D /* SupportFiles */ = {
			isa = PBXGroup;
			children = (
				BC62BC0C27DD8212005F493D /* Assets.xcassets */,
				BC62BC2327DD8684005F493D /* Constants.swift */,
			);
			path = SupportFiles;
			sourceTree = "<group>";
		};
		BC62BC2527DD8726005F493D /* Views */ = {
			isa = PBXGroup;
			children = (
				BC62BC2827DD8775005F493D /* Animation */,
			);
			path = Views;
			sourceTree = "<group>";
		};
		BC62BC2827DD8775005F493D /* Animation */ = {
			isa = PBXGroup;
			children = (
				BC62BC5727DD87C5005F493D /* Night */,
				BC62BC2927DD877F005F493D /* Day */,
				BC62BC2627DD873F005F493D /* Animation.swift */,
			);
			path = Animation;
			sourceTree = "<group>";
		};
		BC62BC2927DD877F005F493D /* Day */ = {
			isa = PBXGroup;
			children = (
				BC62BC5027DD87BA005F493D /* dayBrokenClouds.json */,
				BC62BC4E27DD87BA005F493D /* dayClearSky.json */,
				BC62BC5127DD87BA005F493D /* dayFewClouds.json */,
				BC62BC5527DD87BA005F493D /* dayMist.json */,
				BC62BC4F27DD87BA005F493D /* dayRain.json */,
				BC62BC5327DD87BA005F493D /* dayScatteredClouds.json */,
				BC62BC5227DD87BA005F493D /* dayShowerRains.json */,
				BC62BC5627DD87BB005F493D /* daySnow.json */,
				BC62BC5427DD87BA005F493D /* dayThunderstorm.json */,
			);
			path = Day;
			sourceTree = "<group>";
		};
		BC62BC5727DD87C5005F493D /* Night */ = {
			isa = PBXGroup;
			children = (
				BC62BC5827DD87D1005F493D /* nightBrokenClouds.json */,
				BC62BC5927DD87D1005F493D /* nightClearSky.json */,
				BC62BC6027DD87D2005F493D /* nightFewClouds.json */,
				BC62BC5A27DD87D2005F493D /* nightMist.json */,
				BC62BC5E27DD87D2005F493D /* nightRain.json */,
				BC62BC5B27DD87D2005F493D /* nightScatteredClouds.json */,
				BC62BC5F27DD87D2005F493D /* nightShowerRains.json */,
				BC62BC5C27DD87D2005F493D /* nightSnow.json */,
				BC62BC5D27DD87D2005F493D /* nightThunderstorm.json */,
			);
			path = Night;
			sourceTree = "<group>";
		};
/* End PBXGroup section */

/* Begin PBXNativeTarget section */
		BC62BC0427DD820D005F493D /* Weather */ = {
			isa = PBXNativeTarget;
			buildConfigurationList = BC62BC1327DD8212005F493D /* Build configuration list for PBXNativeTarget "Weather" */;
			buildPhases = (
				343D2B52BD17B42D704F67B8 /* [CP] Check Pods Manifest.lock */,
				BC62BC0127DD820D005F493D /* Sources */,
				BC62BC0227DD820D005F493D /* Frameworks */,
				BC62BC0327DD820D005F493D /* Resources */,
				CDF21520C2DFE4A106CAF333 /* [CP] Embed Pods Frameworks */,
			);
			buildRules = (
			);
			dependencies = (
			);
			name = Weather;
			productName = Weather;
			productReference = BC62BC0527DD820D005F493D /* Weather.app */;
			productType = "com.apple.product-type.application";
		};
/* End PBXNativeTarget section */

/* Begin PBXProject section */
		BC62BBFD27DD820C005F493D /* Project object */ = {
			isa = PBXProject;
			attributes = {
				BuildIndependentTargetsInParallel = 1;
				LastSwiftUpdateCheck = 1320;
				LastUpgradeCheck = 1320;
				TargetAttributes = {
					BC62BC0427DD820D005F493D = {
						CreatedOnToolsVersion = 13.2.1;
					};
				};
			};
			buildConfigurationList = BC62BC0027DD820C005F493D /* Build configuration list for PBXProject "Weather" */;
			compatibilityVersion = "Xcode 13.0";
			developmentRegion = en;
			hasScannedForEncodings = 0;
			knownRegions = (
				en,
				Base,
			);
			mainGroup = BC62BBFC27DD820C005F493D;
			productRefGroup = BC62BC0627DD820D005F493D /* Products */;
			projectDirPath = "";
			projectRoot = "";
			targets = (
				BC62BC0427DD820D005F493D /* Weather */,
			);
		};
/* End PBXProject section */

/* Begin PBXResourcesBuildPhase section */
		BC62BC0327DD820D005F493D /* Resources */ = {
			isa = PBXResourcesBuildPhase;
			buildActionMask = 2147483647;
			files = (
				BC62BC1027DD8212005F493D /* Preview Assets.xcassets in Resources */,
				BC62BC0D27DD8212005F493D /* Assets.xcassets in Resources */,
			);
			runOnlyForDeploymentPostprocessing = 0;
		};
/* End PBXResourcesBuildPhase section */

/* Begin PBXShellScriptBuildPhase section */
		343D2B52BD17B42D704F67B8 /* [CP] Check Pods Manifest.lock */ = {
			isa = PBXShellScriptBuildPhase;
			buildActionMask = 2147483647;
			files = (
			);
			inputFileListPaths = (
			);
			inputPaths = (
				"${PODS_PODFILE_DIR_PATH}/Podfile.lock",
				"${PODS_ROOT}/Manifest.lock",
			);
			name = "[CP] Check Pods Manifest.lock";
			outputFileListPaths = (
			);
			outputPaths = (
				"$(DERIVED_FILE_DIR)/Pods-Weather-checkManifestLockResult.txt",
			);
			runOnlyForDeploymentPostprocessing = 0;
			shellPath = /bin/sh;
			shellScript = "diff \"${PODS_PODFILE_DIR_PATH}/Podfile.lock\" \"${PODS_ROOT}/Manifest.lock\" > /dev/null\nif [ $? != 0 ] ; then\n    # print error to STDERR\n    echo \"error: The sandbox is not in sync with the Podfile.lock. Run 'pod install' or update your CocoaPods installation.\" >&2\n    exit 1\nfi\n# This output is used by Xcode 'outputs' to avoid re-running this script phase.\necho \"SUCCESS\" > \"${SCRIPT_OUTPUT_FILE_0}\"\n";
			showEnvVarsInLog = 0;
		};
		CDF21520C2DFE4A106CAF333 /* [CP] Embed Pods Frameworks */ = {
			isa = PBXShellScriptBuildPhase;
			buildActionMask = 2147483647;
			files = (
			);
			inputFileListPaths = (
				"${PODS_ROOT}/Target Support Files/Pods-Weather/Pods-Weather-frameworks-${CONFIGURATION}-input-files.xcfilelist",
			);
			name = "[CP] Embed Pods Frameworks";
			outputFileListPaths = (
				"${PODS_ROOT}/Target Support Files/Pods-Weather/Pods-Weather-frameworks-${CONFIGURATION}-output-files.xcfilelist",
			);
			runOnlyForDeploymentPostprocessing = 0;
			shellPath = /bin/sh;
			shellScript = "\"${PODS_ROOT}/Target Support Files/Pods-Weather/Pods-Weather-frameworks.sh\"\n";
			showEnvVarsInLog = 0;
		};
/* End PBXShellScriptBuildPhase section */

/* Begin PBXSourcesBuildPhase section */
		BC62BC0127DD820D005F493D /* Sources */ = {
			isa = PBXSourcesBuildPhase;
			buildActionMask = 2147483647;
			files = (
				BC62BC0B27DD820D005F493D /* ContentView.swift in Sources */,
				BC62BC1F27DD84FF005F493D /* WeatherViewModel.swift in Sources */,
				BC62BC2127DD85B7005F493D /* Time.swift in Sources */,
				BC62BC1827DD82D2005F493D /* Weather.swift in Sources */,
				BC62BC0927DD820D005F493D /* WeatherApp.swift in Sources */,
				BC62BC1A27DD82EB005F493D /* WeatherResponse.swift in Sources */,
				BC62BC1C27DD839D005F493D /* API.swift in Sources */,
				BC62BC2727DD873F005F493D /* Animation.swift in Sources */,
				BC62BC2427DD8684005F493D /* Constants.swift in Sources */,
			);
			runOnlyForDeploymentPostprocessing = 0;
		};
/* End PBXSourcesBuildPhase section */

/* Begin XCBuildConfiguration section */
		BC62BC1127DD8212005F493D /* Debug */ = {
			isa = XCBuildConfiguration;
			buildSettings = {
				ALWAYS_SEARCH_USER_PATHS = NO;
				CLANG_ANALYZER_NONNULL = YES;
				CLANG_ANALYZER_NUMBER_OBJECT_CONVERSION = YES_AGGRESSIVE;
				CLANG_CXX_LANGUAGE_STANDARD = "gnu++17";
				CLANG_CXX_LIBRARY = "libc++";
				CLANG_ENABLE_MODULES = YES;
				CLANG_ENABLE_OBJC_ARC = YES;
				CLANG_ENABLE_OBJC_WEAK = YES;
				CLANG_WARN_BLOCK_CAPTURE_AUTORELEASING = YES;
				CLANG_WARN_BOOL_CONVERSION = YES;
				CLANG_WARN_COMMA = YES;
				CLANG_WARN_CONSTANT_CONVERSION = YES;
				CLANG_WARN_DEPRECATED_OBJC_IMPLEMENTATIONS = YES;
				CLANG_WARN_DIRECT_OBJC_ISA_USAGE = YES_ERROR;
				CLANG_WARN_DOCUMENTATION_COMMENTS = YES;
				CLANG_WARN_EMPTY_BODY = YES;
				CLANG_WARN_ENUM_CONVERSION = YES;
				CLANG_WARN_INFINITE_RECURSION = YES;
				CLANG_WARN_INT_CONVERSION = YES;
				CLANG_WARN_NON_LITERAL_NULL_CONVERSION = YES;
				CLANG_WARN_OBJC_IMPLICIT_RETAIN_SELF = YES;
				CLANG_WARN_OBJC_LITERAL_CONVERSION = YES;
				CLANG_WARN_OBJC_ROOT_CLASS = YES_ERROR;
				CLANG_WARN_QUOTED_INCLUDE_IN_FRAMEWORK_HEADER = YES;
				CLANG_WARN_RANGE_LOOP_ANALYSIS = YES;
				CLANG_WARN_STRICT_PROTOTYPES = YES;
				CLANG_WARN_SUSPICIOUS_MOVE = YES;
				CLANG_WARN_UNGUARDED_AVAILABILITY = YES_AGGRESSIVE;
				CLANG_WARN_UNREACHABLE_CODE = YES;
				CLANG_WARN__DUPLICATE_METHOD_MATCH = YES;
				COPY_PHASE_STRIP = NO;
				DEBUG_INFORMATION_FORMAT = dwarf;
				ENABLE_STRICT_OBJC_MSGSEND = YES;
				ENABLE_TESTABILITY = YES;
				GCC_C_LANGUAGE_STANDARD = gnu11;
				GCC_DYNAMIC_NO_PIC = NO;
				GCC_NO_COMMON_BLOCKS = YES;
				GCC_OPTIMIZATION_LEVEL = 0;
				GCC_PREPROCESSOR_DEFINITIONS = (
					"DEBUG=1",
					"$(inherited)",
				);
				GCC_WARN_64_TO_32_BIT_CONVERSION = YES;
				GCC_WARN_ABOUT_RETURN_TYPE = YES_ERROR;
				GCC_WARN_UNDECLARED_SELECTOR = YES;
				GCC_WARN_UNINITIALIZED_AUTOS = YES_AGGRESSIVE;
				GCC_WARN_UNUSED_FUNCTION = YES;
				GCC_WARN_UNUSED_VARIABLE = YES;
				IPHONEOS_DEPLOYMENT_TARGET = 15.2;
				MTL_ENABLE_DEBUG_INFO = INCLUDE_SOURCE;
				MTL_FAST_MATH = YES;
				ONLY_ACTIVE_ARCH = YES;
				SDKROOT = iphoneos;
				SWIFT_ACTIVE_COMPILATION_CONDITIONS = DEBUG;
				SWIFT_OPTIMIZATION_LEVEL = "-Onone";
			};
			name = Debug;
		};
		BC62BC1227DD8212005F493D /* Release */ = {
			isa = XCBuildConfiguration;
			buildSettings = {
				ALWAYS_SEARCH_USER_PATHS = NO;
				CLANG_ANALYZER_NONNULL = YES;
				CLANG_ANALYZER_NUMBER_OBJECT_CONVERSION = YES_AGGRESSIVE;
				CLANG_CXX_LANGUAGE_STANDARD = "gnu++17";
				CLANG_CXX_LIBRARY = "libc++";
				CLANG_ENABLE_MODULES = YES;
				CLANG_ENABLE_OBJC_ARC = YES;
				CLANG_ENABLE_OBJC_WEAK = YES;
				CLANG_WARN_BLOCK_CAPTURE_AUTORELEASING = YES;
				CLANG_WARN_BOOL_CONVERSION = YES;
				CLANG_WARN_COMMA = YES;
				CLANG_WARN_CONSTANT_CONVERSION = YES;
				CLANG_WARN_DEPRECATED_OBJC_IMPLEMENTATIONS = YES;
				CLANG_WARN_DIRECT_OBJC_ISA_USAGE = YES_ERROR;
				CLANG_WARN_DOCUMENTATION_COMMENTS = YES;
				CLANG_WARN_EMPTY_BODY = YES;
				CLANG_WARN_ENUM_CONVERSION = YES;
				CLANG_WARN_INFINITE_RECURSION = YES;
				CLANG_WARN_INT_CONVERSION = YES;
				CLANG_WARN_NON_LITERAL_NULL_CONVERSION = YES;
				CLANG_WARN_OBJC_IMPLICIT_RETAIN_SELF = YES;
				CLANG_WARN_OBJC_LITERAL_CONVERSION = YES;
				CLANG_WARN_OBJC_ROOT_CLASS = YES_ERROR;
				CLANG_WARN_QUOTED_INCLUDE_IN_FRAMEWORK_HEADER = YES;
				CLANG_WARN_RANGE_LOOP_ANALYSIS = YES;
				CLANG_WARN_STRICT_PROTOTYPES = YES;
				CLANG_WARN_SUSPICIOUS_MOVE = YES;
				CLANG_WARN_UNGUARDED_AVAILABILITY = YES_AGGRESSIVE;
				CLANG_WARN_UNREACHABLE_CODE = YES;
				CLANG_WARN__DUPLICATE_METHOD_MATCH = YES;
				COPY_PHASE_STRIP = NO;
				DEBUG_INFORMATION_FORMAT = "dwarf-with-dsym";
				ENABLE_NS_ASSERTIONS = NO;
				ENABLE_STRICT_OBJC_MSGSEND = YES;
				GCC_C_LANGUAGE_STANDARD = gnu11;
				GCC_NO_COMMON_BLOCKS = YES;
				GCC_WARN_64_TO_32_BIT_CONVERSION = YES;
				GCC_WARN_ABOUT_RETURN_TYPE = YES_ERROR;
				GCC_WARN_UNDECLARED_SELECTOR = YES;
				GCC_WARN_UNINITIALIZED_AUTOS = YES_AGGRESSIVE;
				GCC_WARN_UNUSED_FUNCTION = YES;
				GCC_WARN_UNUSED_VARIABLE = YES;
				IPHONEOS_DEPLOYMENT_TARGET = 15.2;
				MTL_ENABLE_DEBUG_INFO = NO;
				MTL_FAST_MATH = YES;
				SDKROOT = iphoneos;
				SWIFT_COMPILATION_MODE = wholemodule;
				SWIFT_OPTIMIZATION_LEVEL = "-O";
				VALIDATE_PRODUCT = YES;
			};
			name = Release;
		};
		BC62BC1427DD8212005F493D /* Debug */ = {
			isa = XCBuildConfiguration;
			baseConfigurationReference = EFCCD319DD8B51B4777F54D6 /* Pods-Weather.debug.xcconfig */;
			buildSettings = {
				ASSETCATALOG_COMPILER_APPICON_NAME = AppIcon;
				ASSETCATALOG_COMPILER_GLOBAL_ACCENT_COLOR_NAME = AccentColor;
				CODE_SIGN_STYLE = Automatic;
				CURRENT_PROJECT_VERSION = 1;
				DEVELOPMENT_ASSET_PATHS = "\"Weather/Preview Content\"";
				DEVELOPMENT_TEAM = 66MJ3YNVA6;
				ENABLE_PREVIEWS = YES;
				GENERATE_INFOPLIST_FILE = YES;
				INFOPLIST_KEY_UIApplicationSceneManifest_Generation = YES;
				INFOPLIST_KEY_UIApplicationSupportsIndirectInputEvents = YES;
				INFOPLIST_KEY_UILaunchScreen_Generation = YES;
				INFOPLIST_KEY_UISupportedInterfaceOrientations_iPad = "UIInterfaceOrientationPortrait UIInterfaceOrientationPortraitUpsideDown UIInterfaceOrientationLandscapeLeft UIInterfaceOrientationLandscapeRight";
				INFOPLIST_KEY_UISupportedInterfaceOrientations_iPhone = "UIInterfaceOrientationPortrait UIInterfaceOrientationLandscapeLeft UIInterfaceOrientationLandscapeRight";
				LD_RUNPATH_SEARCH_PATHS = (
					"$(inherited)",
					"@executable_path/Frameworks",
				);
				MARKETING_VERSION = 1.0;
				PRODUCT_BUNDLE_IDENTIFIER = tms.tsvetkov.Weather;
				PRODUCT_NAME = "$(TARGET_NAME)";
				SWIFT_EMIT_LOC_STRINGS = YES;
				SWIFT_VERSION = 5.0;
				TARGETED_DEVICE_FAMILY = "1,2";
			};
			name = Debug;
		};
		BC62BC1527DD8212005F493D /* Release */ = {
			isa = XCBuildConfiguration;
			baseConfigurationReference = D801C41D3E0F932BD6CA04C9 /* Pods-Weather.release.xcconfig */;
			buildSettings = {
				ASSETCATALOG_COMPILER_APPICON_NAME = AppIcon;
				ASSETCATALOG_COMPILER_GLOBAL_ACCENT_COLOR_NAME = AccentColor;
				CODE_SIGN_STYLE = Automatic;
				CURRENT_PROJECT_VERSION = 1;
				DEVELOPMENT_ASSET_PATHS = "\"Weather/Preview Content\"";
				DEVELOPMENT_TEAM = 66MJ3YNVA6;
				ENABLE_PREVIEWS = YES;
				GENERATE_INFOPLIST_FILE = YES;
				INFOPLIST_KEY_UIApplicationSceneManifest_Generation = YES;
				INFOPLIST_KEY_UIApplicationSupportsIndirectInputEvents = YES;
				INFOPLIST_KEY_UILaunchScreen_Generation = YES;
				INFOPLIST_KEY_UISupportedInterfaceOrientations_iPad = "UIInterfaceOrientationPortrait UIInterfaceOrientationPortraitUpsideDown UIInterfaceOrientationLandscapeLeft UIInterfaceOrientationLandscapeRight";
				INFOPLIST_KEY_UISupportedInterfaceOrientations_iPhone = "UIInterfaceOrientationPortrait UIInterfaceOrientationLandscapeLeft UIInterfaceOrientationLandscapeRight";
				LD_RUNPATH_SEARCH_PATHS = (
					"$(inherited)",
					"@executable_path/Frameworks",
				);
				MARKETING_VERSION = 1.0;
				PRODUCT_BUNDLE_IDENTIFIER = tms.tsvetkov.Weather;
				PRODUCT_NAME = "$(TARGET_NAME)";
				SWIFT_EMIT_LOC_STRINGS = YES;
				SWIFT_VERSION = 5.0;
				TARGETED_DEVICE_FAMILY = "1,2";
			};
			name = Release;
		};
/* End XCBuildConfiguration section */

/* Begin XCConfigurationList section */
		BC62BC0027DD820C005F493D /* Build configuration list for PBXProject "Weather" */ = {
			isa = XCConfigurationList;
			buildConfigurations = (
				BC62BC1127DD8212005F493D /* Debug */,
				BC62BC1227DD8212005F493D /* Release */,
			);
			defaultConfigurationIsVisible = 0;
			defaultConfigurationName = Release;
		};
		BC62BC1327DD8212005F493D /* Build configuration list for PBXNativeTarget "Weather" */ = {
			isa = XCConfigurationList;
			buildConfigurations = (
				BC62BC1427DD8212005F493D /* Debug */,
				BC62BC1527DD8212005F493D /* Release */,
			);
			defaultConfigurationIsVisible = 0;
			defaultConfigurationName = Release;
		};
/* End XCConfigurationList section */
	};
	rootObject = BC62BBFD27DD820C005F493D /* Project object */;
}
